
Microsoft Visual Studio Solution File, Format Version 12.00
# Visual Studio Version 17
VisualStudioVersion = 17.8.34330.188
MinimumVisualStudioVersion = 10.0.40219.1
Project("{FAE04EC0-301F-11D3-BF4B-00C04F79EFBC}") = "App1", "App1\App1.csproj", "{679B8E72-FCA7-411E-95AF-805CCE511362}"
EndProject
Project("{FAE04EC0-301F-11D3-BF4B-00C04F79EFBC}") = "Models", "Models\Models.csproj", "{BB5F128D-059D-4C25-9226-28B270DD1746}"
EndProject
Project("{FAE04EC0-301F-11D3-BF4B-00C04F79EFBC}") = "ViewModels", "ViewModels\ViewModels.csproj", "{D35C7A9E-1979-4D1A-A1CA-08BCC143366E}"
EndProject
Global
	GlobalSection(SolutionConfigurationPlatforms) = preSolution
		Debug|Any CPU = Debug|Any CPU
		Debug|ARM = Debug|ARM
		Debug|ARM64 = Debug|ARM64
		Debug|x64 = Debug|x64
		Debug|x86 = Debug|x86
		Release|Any CPU = Release|Any CPU
		Release|ARM = Release|ARM
		Release|ARM64 = Release|ARM64
		Release|x64 = Release|x64
		Release|x86 = Release|x86
	EndGlobalSection
	GlobalSection(ProjectConfigurationPlatforms) = postSolution
		{679B8E72-FCA7-411E-95AF-805CCE511362}.Debug|Any CPU.ActiveCfg = Debug|x64
		{679B8E72-FCA7-411E-95AF-805CCE511362}.Debug|Any CPU.Build.0 = Debug|x64
		{679B8E72-FCA7-411E-95AF-805CCE511362}.Debug|Any CPU.Deploy.0 = Debug|x64
		{679B8E72-FCA7-411E-95AF-805CCE511362}.Debug|ARM.ActiveCfg = Debug|ARM
		{679B8E72-FCA7-411E-95AF-805CCE511362}.Debug|ARM.Build.0 = Debug|ARM
		{679B8E72-FCA7-411E-95AF-805CCE511362}.Debug|ARM.Deploy.0 = Debug|ARM
		{679B8E72-FCA7-411E-95AF-805CCE511362}.Debug|ARM64.ActiveCfg = Debug|ARM64
		{679B8E72-FCA7-411E-95AF-805CCE511362}.Debug|ARM64.Build.0 = Debug|ARM64
		{679B8E72-FCA7-411E-95AF-805CCE511362}.Debug|ARM64.Deploy.0 = Debug|ARM64
		{679B8E72-FCA7-411E-95AF-805CCE511362}.Debug|x64.ActiveCfg = Debug|x64
		{679B8E72-FCA7-411E-95AF-805CCE511362}.Debug|x64.Build.0 = Debug|x64
		{679B8E72-FCA7-411E-95AF-805CCE511362}.Debug|x64.Deploy.0 = Debug|x64
		{679B8E72-FCA7-411E-95AF-805CCE511362}.Debug|x86.ActiveCfg = Debug|x86
		{679B8E72-FCA7-411E-95AF-805CCE511362}.Debug|x86.Build.0 = Debug|x86
		{679B8E72-FCA7-411E-95AF-805CCE511362}.Debug|x86.Deploy.0 = Debug|x86
		{679B8E72-FCA7-411E-95AF-805CCE511362}.Release|Any CPU.ActiveCfg = Release|x64
		{679B8E72-FCA7-411E-95AF-805CCE511362}.Release|Any CPU.Build.0 = Release|x64
		{679B8E72-FCA7-411E-95AF-805CCE511362}.Release|Any CPU.Deploy.0 = Release|x64
		{679B8E72-FCA7-411E-95AF-805CCE511362}.Release|ARM.ActiveCfg = Release|ARM
		{679B8E72-FCA7-411E-95AF-805CCE511362}.Release|ARM.Build.0 = Release|ARM
		{679B8E72-FCA7-411E-95AF-805CCE511362}.Release|ARM.Deploy.0 = Release|ARM
		{679B8E72-FCA7-411E-95AF-805CCE511362}.Release|ARM64.ActiveCfg = Release|ARM64
		{679B8E72-FCA7-411E-95AF-805CCE511362}.Release|ARM64.Build.0 = Release|ARM64
		{679B8E72-FCA7-411E-95AF-805CCE511362}.Release|ARM64.Deploy.0 = Release|ARM64
		{679B8E72-FCA7-411E-95AF-805CCE511362}.Release|x64.ActiveCfg = Release|x64
		{679B8E72-FCA7-411E-95AF-805CCE511362}.Release|x64.Build.0 = Release|x64
		{679B8E72-FCA7-411E-95AF-805CCE511362}.Release|x64.Deploy.0 = Release|x64
		{679B8E72-FCA7-411E-95AF-805CCE511362}.Release|x86.ActiveCfg = Release|x86
		{679B8E72-FCA7-411E-95AF-805CCE511362}.Release|x86.Build.0 = Release|x86
		{679B8E72-FCA7-411E-95AF-805CCE511362}.Release|x86.Deploy.0 = Release|x86
		{BB5F128D-059D-4C25-9226-28B270DD1746}.Debug|Any CPU.ActiveCfg = Debug|Any CPU
		{BB5F128D-059D-4C25-9226-28B270DD1746}.Debug|Any CPU.Build.0 = Debug|Any CPU
		{BB5F128D-059D-4C25-9226-28B270DD1746}.Debug|ARM.ActiveCfg = Debug|ARM
		{BB5F128D-059D-4C25-9226-28B270DD1746}.Debug|ARM.Build.0 = Debug|ARM
		{BB5F128D-059D-4C25-9226-28B270DD1746}.Debug|ARM64.ActiveCfg = Debug|ARM64
		{BB5F128D-059D-4C25-9226-28B270DD1746}.Debug|ARM64.Build.0 = Debug|ARM64
		{BB5F128D-059D-4C25-9226-28B270DD1746}.Debug|x64.ActiveCfg = Debug|x64
		{BB5F128D-059D-4C25-9226-28B270DD1746}.Debug|x64.Build.0 = Debug|x64
		{BB5F128D-059D-4C25-9226-28B270DD1746}.Debug|x86.ActiveCfg = Debug|x86
		{BB5F128D-059D-4C25-9226-28B270DD1746}.Debug|x86.Build.0 = Debug|x86
		{BB5F128D-059D-4C25-9226-28B270DD1746}.Release|Any CPU.ActiveCfg = Release|Any CPU
		{BB5F128D-059D-4C25-9226-28B270DD1746}.Release|Any CPU.Build.0 = Release|Any CPU
		{BB5F128D-059D-4C25-9226-28B270DD1746}.Release|ARM.ActiveCfg = Release|ARM
		{BB5F128D-059D-4C25-9226-28B270DD1746}.Release|ARM.Build.0 = Release|ARM
		{BB5F128D-059D-4C25-9226-28B270DD1746}.Release|ARM64.ActiveCfg = Release|ARM64
		{BB5F128D-059D-4C25-9226-28B270DD1746}.Release|ARM64.Build.0 = Release|ARM64
		{BB5F128D-059D-4C25-9226-28B270DD1746}.Release|x64.ActiveCfg = Release|x64
		{BB5F128D-059D-4C25-9226-28B270DD1746}.Release|x64.Build.0 = Release|x64
		{BB5F128D-059D-4C25-9226-28B270DD1746}.Release|x86.ActiveCfg = Release|x86
		{BB5F128D-059D-4C25-9226-28B270DD1746}.Release|x86.Build.0 = Release|x86
		{D35C7A9E-1979-4D1A-A1CA-08BCC143366E}.Debug|Any CPU.ActiveCfg = Debug|Any CPU
		{D35C7A9E-1979-4D1A-A1CA-08BCC143366E}.Debug|Any CPU.Build.0 = Debug|Any CPU
		{D35C7A9E-1979-4D1A-A1CA-08BCC143366E}.Debug|ARM.ActiveCfg = Debug|ARM
		{D35C7A9E-1979-4D1A-A1CA-08BCC143366E}.Debug|ARM.Build.0 = Debug|ARM
		{D35C7A9E-1979-4D1A-A1CA-08BCC143366E}.Debug|ARM64.ActiveCfg = Debug|ARM64
		{D35C7A9E-1979-4D1A-A1CA-08BCC143366E}.Debug|ARM64.Build.0 = Debug|ARM64
		{D35C7A9E-1979-4D1A-A1CA-08BCC143366E}.Debug|x64.ActiveCfg = Debug|x64
		{D35C7A9E-1979-4D1A-A1CA-08BCC143366E}.Debug|x64.Build.0 = Debug|x64
		{D35C7A9E-1979-4D1A-A1CA-08BCC143366E}.Debug|x86.ActiveCfg = Debug|x86
		{D35C7A9E-1979-4D1A-A1CA-08BCC143366E}.Debug|x86.Build.0 = Debug|x86
		{D35C7A9E-1979-4D1A-A1CA-08BCC143366E}.Release|Any CPU.ActiveCfg = Release|Any CPU
		{D35C7A9E-1979-4D1A-A1CA-08BCC143366E}.Release|Any CPU.Build.0 = Release|Any CPU
		{D35C7A9E-1979-4D1A-A1CA-08BCC143366E}.Release|ARM.ActiveCfg = Release|ARM
		{D35C7A9E-1979-4D1A-A1CA-08BCC143366E}.Release|ARM.Build.0 = Release|ARM
		{D35C7A9E-1979-4D1A-A1CA-08BCC143366E}.Release|ARM64.ActiveCfg = Release|ARM64
		{D35C7A9E-1979-4D1A-A1CA-08BCC143366E}.Release|ARM64.Build.0 = Release|ARM64
		{D35C7A9E-1979-4D1A-A1CA-08BCC143366E}.Release|x64.ActiveCfg = Release|x64
		{D35C7A9E-1979-4D1A-A1CA-08BCC143366E}.Release|x64.Build.0 = Release|x64
		{D35C7A9E-1979-4D1A-A1CA-08BCC143366E}.Release|x86.ActiveCfg = Release|x86
		{D35C7A9E-1979-4D1A-A1CA-08BCC143366E}.Release|x86.Build.0 = Release|x86
	EndGlobalSection
	GlobalSection(SolutionProperties) = preSolution
		HideSolutionNode = FALSE
	EndGlobalSection
	GlobalSection(ExtensibilityGlobals) = postSolution
		SolutionGuid = {0DDBC4F6-5E59-435B-8DB3-1DB8CC66C48B}
	EndGlobalSection
EndGlobal
